
Microsoft Visual Studio Solution File, Format Version 12.00
Project("{FAE04EC0-301F-11D3-BF4B-00C04F79EFBC}") = "Clone-Backend-Twitter", "Clone-Backend-Twitter\Clone-Backend-Twitter.csproj", "{F2E6753F-9E0F-4279-BE74-ED4B553DBBF2}"
EndProject
Global
	GlobalSection(SolutionConfigurationPlatforms) = preSolution
		Debug|Any CPU = Debug|Any CPU
		Release|Any CPU = Release|Any CPU
	EndGlobalSection
	GlobalSection(ProjectConfigurationPlatforms) = postSolution
		{F2E6753F-9E0F-4279-BE74-ED4B553DBBF2}.Debug|Any CPU.ActiveCfg = Debug|Any CPU
		{F2E6753F-9E0F-4279-BE74-ED4B553DBBF2}.Debug|Any CPU.Build.0 = Debug|Any CPU
		{F2E6753F-9E0F-4279-BE74-ED4B553DBBF2}.Release|Any CPU.ActiveCfg = Release|Any CPU
		{F2E6753F-9E0F-4279-BE74-ED4B553DBBF2}.Release|Any CPU.Build.0 = Release|Any CPU
	EndGlobalSection
EndGlobal
